
Microsoft Visual Studio Solution File, Format Version 12.00
# Visual Studio Version 16
VisualStudioVersion = 16.0.30503.244
MinimumVisualStudioVersion = 10.0.40219.1
Project("{FAE04EC0-301F-11D3-BF4B-00C04F79EFBC}") = "资产管理系统", "资产管理系统\资产管理系统.csproj", "{125B67D1-F311-4D9E-9CBA-4C395DF9AD85}"
EndProject
Global
	GlobalSection(SolutionConfigurationPlatforms) = preSolution
		Debug|Any CPU = Debug|Any CPU
		Release|Any CPU = Release|Any CPU
	EndGlobalSection
	GlobalSection(ProjectConfigurationPlatforms) = postSolution
		{125B67D1-F311-4D9E-9CBA-4C395DF9AD85}.Debug|Any CPU.ActiveCfg = Debug|Any CPU
		{125B67D1-F311-4D9E-9CBA-4C395DF9AD85}.Debug|Any CPU.Build.0 = Debug|Any CPU
		{125B67D1-F311-4D9E-9CBA-4C395DF9AD85}.Release|Any CPU.ActiveCfg = Release|Any CPU
		{125B67D1-F311-4D9E-9CBA-4C395DF9AD85}.Release|Any CPU.Build.0 = Release|Any CPU
	EndGlobalSection
	GlobalSection(SolutionProperties) = preSolution
		HideSolutionNode = FALSE
	EndGlobalSection
	GlobalSection(ExtensibilityGlobals) = postSolution
		SolutionGuid = {0836CCCD-93B3-4BA0-B4B3-A0F0AC238590}
	EndGlobalSection
EndGlobal
